
Microsoft Visual Studio Solution File, Format Version 12.00
# Visual Studio Version 16
VisualStudioVersion = 16.0.30002.166
MinimumVisualStudioVersion = 10.0.40219.1
Project("{FAE04EC0-301F-11D3-BF4B-00C04F79EFBC}") = "PetStoreWeb", "PetStoreWeb.csproj", "{A46CB03D-AFD0-41AB-A178-3ECCD93EAD0F}"
EndProject
Project("{00D1A9C2-B5F0-4AF3-8072-F6C62B433612}") = "PetStoreDB", "..\PetStoreDB\PetStoreDB.sqlproj", "{9A258E4D-BC5B-4B8C-95ED-C9CC5BC65A61}"
EndProject
Global
	GlobalSection(SolutionConfigurationPlatforms) = preSolution
		Debug|Any CPU = Debug|Any CPU
		Release|Any CPU = Release|Any CPU
	EndGlobalSection
	GlobalSection(ProjectConfigurationPlatforms) = postSolution
		{A46CB03D-AFD0-41AB-A178-3ECCD93EAD0F}.Debug|Any CPU.ActiveCfg = Debug|Any CPU
		{A46CB03D-AFD0-41AB-A178-3ECCD93EAD0F}.Debug|Any CPU.Build.0 = Debug|Any CPU
		{A46CB03D-AFD0-41AB-A178-3ECCD93EAD0F}.Release|Any CPU.ActiveCfg = Release|Any CPU
		{A46CB03D-AFD0-41AB-A178-3ECCD93EAD0F}.Release|Any CPU.Build.0 = Release|Any CPU
		{9A258E4D-BC5B-4B8C-95ED-C9CC5BC65A61}.Debug|Any CPU.ActiveCfg = Debug|Any CPU
		{9A258E4D-BC5B-4B8C-95ED-C9CC5BC65A61}.Debug|Any CPU.Build.0 = Debug|Any CPU
		{9A258E4D-BC5B-4B8C-95ED-C9CC5BC65A61}.Debug|Any CPU.Deploy.0 = Debug|Any CPU
		{9A258E4D-BC5B-4B8C-95ED-C9CC5BC65A61}.Release|Any CPU.ActiveCfg = Release|Any CPU
		{9A258E4D-BC5B-4B8C-95ED-C9CC5BC65A61}.Release|Any CPU.Build.0 = Release|Any CPU
		{9A258E4D-BC5B-4B8C-95ED-C9CC5BC65A61}.Release|Any CPU.Deploy.0 = Release|Any CPU
	EndGlobalSection
	GlobalSection(SolutionProperties) = preSolution
		HideSolutionNode = FALSE
	EndGlobalSection
	GlobalSection(ExtensibilityGlobals) = postSolution
		SolutionGuid = {3C8C7E4B-A610-43E5-A270-2F00B91B10A7}
	EndGlobalSection
EndGlobal
